
Microsoft Visual Studio Solution File, Format Version 12.00
# Visual Studio Version 16
VisualStudioVersion = 16.0.30804.86
MinimumVisualStudioVersion = 10.0.40219.1
Project("{FAE04EC0-301F-11D3-BF4B-00C04F79EFBC}") = "Sas_Teodora_Proiect.Android", "Sas_Teodora_Proiect\Sas_Teodora_Proiect.Android\Sas_Teodora_Proiect.Android.csproj", "{08E889B5-9C9F-47BE-8B7F-45CAFAD627CA}"
EndProject
Project("{FAE04EC0-301F-11D3-BF4B-00C04F79EFBC}") = "Sas_Teodora_Proiect.iOS", "Sas_Teodora_Proiect\Sas_Teodora_Proiect.iOS\Sas_Teodora_Proiect.iOS.csproj", "{1D033EC1-952C-477A-8F43-E8BA85EE1BE8}"
EndProject
Project("{FAE04EC0-301F-11D3-BF4B-00C04F79EFBC}") = "Sas_Teodora_Proiect", "Sas_Teodora_Proiect\Sas_Teodora_Proiect\Sas_Teodora_Proiect.csproj", "{16FE14EB-47F7-4DC3-9C28-D206A85C413F}"
EndProject
Global
	GlobalSection(SolutionConfigurationPlatforms) = preSolution
		Debug|Any CPU = Debug|Any CPU
		Debug|iPhone = Debug|iPhone
		Debug|iPhoneSimulator = Debug|iPhoneSimulator
		Release|Any CPU = Release|Any CPU
		Release|iPhone = Release|iPhone
		Release|iPhoneSimulator = Release|iPhoneSimulator
	EndGlobalSection
	GlobalSection(ProjectConfigurationPlatforms) = postSolution
		{08E889B5-9C9F-47BE-8B7F-45CAFAD627CA}.Debug|Any CPU.ActiveCfg = Debug|Any CPU
		{08E889B5-9C9F-47BE-8B7F-45CAFAD627CA}.Debug|Any CPU.Build.0 = Debug|Any CPU
		{08E889B5-9C9F-47BE-8B7F-45CAFAD627CA}.Debug|Any CPU.Deploy.0 = Debug|Any CPU
		{08E889B5-9C9F-47BE-8B7F-45CAFAD627CA}.Debug|iPhone.ActiveCfg = Debug|Any CPU
		{08E889B5-9C9F-47BE-8B7F-45CAFAD627CA}.Debug|iPhone.Build.0 = Debug|Any CPU
		{08E889B5-9C9F-47BE-8B7F-45CAFAD627CA}.Debug|iPhone.Deploy.0 = Debug|Any CPU
		{08E889B5-9C9F-47BE-8B7F-45CAFAD627CA}.Debug|iPhoneSimulator.ActiveCfg = Debug|Any CPU
		{08E889B5-9C9F-47BE-8B7F-45CAFAD627CA}.Debug|iPhoneSimulator.Build.0 = Debug|Any CPU
		{08E889B5-9C9F-47BE-8B7F-45CAFAD627CA}.Debug|iPhoneSimulator.Deploy.0 = Debug|Any CPU
		{08E889B5-9C9F-47BE-8B7F-45CAFAD627CA}.Release|Any CPU.ActiveCfg = Release|Any CPU
		{08E889B5-9C9F-47BE-8B7F-45CAFAD627CA}.Release|Any CPU.Build.0 = Release|Any CPU
		{08E889B5-9C9F-47BE-8B7F-45CAFAD627CA}.Release|Any CPU.Deploy.0 = Release|Any CPU
		{08E889B5-9C9F-47BE-8B7F-45CAFAD627CA}.Release|iPhone.ActiveCfg = Release|Any CPU
		{08E889B5-9C9F-47BE-8B7F-45CAFAD627CA}.Release|iPhone.Build.0 = Release|Any CPU
		{08E889B5-9C9F-47BE-8B7F-45CAFAD627CA}.Release|iPhone.Deploy.0 = Release|Any CPU
		{08E889B5-9C9F-47BE-8B7F-45CAFAD627CA}.Release|iPhoneSimulator.ActiveCfg = Release|Any CPU
		{08E889B5-9C9F-47BE-8B7F-45CAFAD627CA}.Release|iPhoneSimulator.Build.0 = Release|Any CPU
		{08E889B5-9C9F-47BE-8B7F-45CAFAD627CA}.Release|iPhoneSimulator.Deploy.0 = Release|Any CPU
		{1D033EC1-952C-477A-8F43-E8BA85EE1BE8}.Debug|Any CPU.ActiveCfg = Debug|iPhone
		{1D033EC1-952C-477A-8F43-E8BA85EE1BE8}.Debug|Any CPU.Build.0 = Debug|iPhone
		{1D033EC1-952C-477A-8F43-E8BA85EE1BE8}.Debug|Any CPU.Deploy.0 = Debug|iPhone
		{1D033EC1-952C-477A-8F43-E8BA85EE1BE8}.Debug|iPhone.ActiveCfg = Debug|iPhone
		{1D033EC1-952C-477A-8F43-E8BA85EE1BE8}.Debug|iPhone.Build.0 = Debug|iPhone
		{1D033EC1-952C-477A-8F43-E8BA85EE1BE8}.Debug|iPhone.Deploy.0 = Debug|iPhone
		{1D033EC1-952C-477A-8F43-E8BA85EE1BE8}.Debug|iPhoneSimulator.ActiveCfg = Debug|iPhoneSimulator
		{1D033EC1-952C-477A-8F43-E8BA85EE1BE8}.Debug|iPhoneSimulator.Build.0 = Debug|iPhoneSimulator
		{1D033EC1-952C-477A-8F43-E8BA85EE1BE8}.Debug|iPhoneSimulator.Deploy.0 = Debug|iPhoneSimulator
		{1D033EC1-952C-477A-8F43-E8BA85EE1BE8}.Release|Any CPU.ActiveCfg = Release|iPhoneSimulator
		{1D033EC1-952C-477A-8F43-E8BA85EE1BE8}.Release|Any CPU.Build.0 = Release|iPhoneSimulator
		{1D033EC1-952C-477A-8F43-E8BA85EE1BE8}.Release|Any CPU.Deploy.0 = Release|iPhoneSimulator
		{1D033EC1-952C-477A-8F43-E8BA85EE1BE8}.Release|iPhone.ActiveCfg = Release|iPhone
		{1D033EC1-952C-477A-8F43-E8BA85EE1BE8}.Release|iPhone.Build.0 = Release|iPhone
		{1D033EC1-952C-477A-8F43-E8BA85EE1BE8}.Release|iPhone.Deploy.0 = Release|iPhone
		{1D033EC1-952C-477A-8F43-E8BA85EE1BE8}.Release|iPhoneSimulator.ActiveCfg = Release|iPhoneSimulator
		{1D033EC1-952C-477A-8F43-E8BA85EE1BE8}.Release|iPhoneSimulator.Build.0 = Release|iPhoneSimulator
		{1D033EC1-952C-477A-8F43-E8BA85EE1BE8}.Release|iPhoneSimulator.Deploy.0 = Release|iPhoneSimulator
		{16FE14EB-47F7-4DC3-9C28-D206A85C413F}.Debug|Any CPU.ActiveCfg = Debug|Any CPU
		{16FE14EB-47F7-4DC3-9C28-D206A85C413F}.Debug|Any CPU.Build.0 = Debug|Any CPU
		{16FE14EB-47F7-4DC3-9C28-D206A85C413F}.Debug|Any CPU.Deploy.0 = Debug|Any CPU
		{16FE14EB-47F7-4DC3-9C28-D206A85C413F}.Debug|iPhone.ActiveCfg = Debug|Any CPU
		{16FE14EB-47F7-4DC3-9C28-D206A85C413F}.Debug|iPhone.Build.0 = Debug|Any CPU
		{16FE14EB-47F7-4DC3-9C28-D206A85C413F}.Debug|iPhone.Deploy.0 = Debug|Any CPU
		{16FE14EB-47F7-4DC3-9C28-D206A85C413F}.Debug|iPhoneSimulator.ActiveCfg = Debug|Any CPU
		{16FE14EB-47F7-4DC3-9C28-D206A85C413F}.Debug|iPhoneSimulator.Build.0 = Debug|Any CPU
		{16FE14EB-47F7-4DC3-9C28-D206A85C413F}.Debug|iPhoneSimulator.Deploy.0 = Debug|Any CPU
		{16FE14EB-47F7-4DC3-9C28-D206A85C413F}.Release|Any CPU.ActiveCfg = Release|Any CPU
		{16FE14EB-47F7-4DC3-9C28-D206A85C413F}.Release|Any CPU.Build.0 = Release|Any CPU
		{16FE14EB-47F7-4DC3-9C28-D206A85C413F}.Release|Any CPU.Deploy.0 = Release|Any CPU
		{16FE14EB-47F7-4DC3-9C28-D206A85C413F}.Release|iPhone.ActiveCfg = Release|Any CPU
		{16FE14EB-47F7-4DC3-9C28-D206A85C413F}.Release|iPhone.Build.0 = Release|Any CPU
		{16FE14EB-47F7-4DC3-9C28-D206A85C413F}.Release|iPhone.Deploy.0 = Release|Any CPU
		{16FE14EB-47F7-4DC3-9C28-D206A85C413F}.Release|iPhoneSimulator.ActiveCfg = Release|Any CPU
		{16FE14EB-47F7-4DC3-9C28-D206A85C413F}.Release|iPhoneSimulator.Build.0 = Release|Any CPU
		{16FE14EB-47F7-4DC3-9C28-D206A85C413F}.Release|iPhoneSimulator.Deploy.0 = Release|Any CPU
	EndGlobalSection
	GlobalSection(SolutionProperties) = preSolution
		HideSolutionNode = FALSE
	EndGlobalSection
	GlobalSection(ExtensibilityGlobals) = postSolution
		SolutionGuid = {01093C4A-EC83-466F-9060-351298F82EBD}
	EndGlobalSection
EndGlobal
